// !$*UTF8*$!
{
	archiveVersion = 1;
	classes = {
	};
	objectVersion = 50;
	objects = {

/* Begin PBXBuildFile section */
		812C40F524B4BC8800828353 /* IngredientTableViewCell.swift in Sources */ = {isa = PBXBuildFile; fileRef = 812C40F424B4BC8800828353 /* IngredientTableViewCell.swift */; };
		812C40FB24B6454700828353 /* RecipeTableViewCell.xib in Resources */ = {isa = PBXBuildFile; fileRef = 812C40FA24B6454700828353 /* RecipeTableViewCell.xib */; };
		812C40FD24B6460400828353 /* RecipeTableViewCell.swift in Sources */ = {isa = PBXBuildFile; fileRef = 812C40FC24B6460400828353 /* RecipeTableViewCell.swift */; };
		812C410124B64A2F00828353 /* DetailRecipeViewController.swift in Sources */ = {isa = PBXBuildFile; fileRef = 812C410024B64A2F00828353 /* DetailRecipeViewController.swift */; };
		815F71B924B369B10011FE3E /* AppDelegate.swift in Sources */ = {isa = PBXBuildFile; fileRef = 815F71B824B369B10011FE3E /* AppDelegate.swift */; };
		815F71BB24B369B10011FE3E /* SceneDelegate.swift in Sources */ = {isa = PBXBuildFile; fileRef = 815F71BA24B369B10011FE3E /* SceneDelegate.swift */; };
		815F71C024B369B10011FE3E /* Main.storyboard in Resources */ = {isa = PBXBuildFile; fileRef = 815F71BE24B369B10011FE3E /* Main.storyboard */; };
		815F71C224B369B30011FE3E /* Assets.xcassets in Resources */ = {isa = PBXBuildFile; fileRef = 815F71C124B369B30011FE3E /* Assets.xcassets */; };
		815F71C524B369B30011FE3E /* LaunchScreen.storyboard in Resources */ = {isa = PBXBuildFile; fileRef = 815F71C324B369B30011FE3E /* LaunchScreen.storyboard */; };
		815F71CE24B3BAB70011FE3E /* IngredientsViewController.swift in Sources */ = {isa = PBXBuildFile; fileRef = 815F71CD24B3BAB70011FE3E /* IngredientsViewController.swift */; };
		815F71D124B3C5410011FE3E /* NetworkCall.swift in Sources */ = {isa = PBXBuildFile; fileRef = 815F71D024B3C5410011FE3E /* NetworkCall.swift */; };
		815F71D324B3C5920011FE3E /* RequestCall.swift in Sources */ = {isa = PBXBuildFile; fileRef = 815F71D224B3C5920011FE3E /* RequestCall.swift */; };
		815F71D524B3C6010011FE3E /* EdamanService.swift in Sources */ = {isa = PBXBuildFile; fileRef = 815F71D424B3C6010011FE3E /* EdamanService.swift */; };
		815F71D724B3C8DA0011FE3E /* RecipeData.swift in Sources */ = {isa = PBXBuildFile; fileRef = 815F71D624B3C8DA0011FE3E /* RecipeData.swift */; };
		815F71DB24B3CF580011FE3E /* Default-568h@2x.png in Resources */ = {isa = PBXBuildFile; fileRef = 815F71DA24B3CF580011FE3E /* Default-568h@2x.png */; };
		81E5183924BD9A4200E63CB1 /* EdamanTestCase.swift in Sources */ = {isa = PBXBuildFile; fileRef = 81E5183824BD9A4200E63CB1 /* EdamanTestCase.swift */; };
		81E5183B24BD9B2C00E63CB1 /* Edaman.json in Resources */ = {isa = PBXBuildFile; fileRef = 81E5183A24BD9B2C00E63CB1 /* Edaman.json */; };
		81E5183D24BD9BAC00E63CB1 /* FakeResponseData.swift in Sources */ = {isa = PBXBuildFile; fileRef = 81E5183C24BD9BAC00E63CB1 /* FakeResponseData.swift */; };
		81E5183F24BD9C1A00E63CB1 /* URLSessionFake.swift in Sources */ = {isa = PBXBuildFile; fileRef = 81E5183E24BD9C1A00E63CB1 /* URLSessionFake.swift */; };
/* End PBXBuildFile section */

/* Begin PBXContainerItemProxy section */
		81E5183324BD985A00E63CB1 /* PBXContainerItemProxy */ = {
			isa = PBXContainerItemProxy;
			containerPortal = 815F71AD24B369B10011FE3E /* Project object */;
			proxyType = 1;
			remoteGlobalIDString = 815F71B424B369B10011FE3E;
			remoteInfo = Reciplease;
		};
/* End PBXContainerItemProxy section */

/* Begin PBXFileReference section */
		812C40F424B4BC8800828353 /* IngredientTableViewCell.swift */ = {isa = PBXFileReference; lastKnownFileType = sourcecode.swift; path = IngredientTableViewCell.swift; sourceTree = "<group>"; };
		812C40FA24B6454700828353 /* RecipeTableViewCell.xib */ = {isa = PBXFileReference; lastKnownFileType = file.xib; path = RecipeTableViewCell.xib; sourceTree = "<group>"; };
		812C40FC24B6460400828353 /* RecipeTableViewCell.swift */ = {isa = PBXFileReference; lastKnownFileType = sourcecode.swift; path = RecipeTableViewCell.swift; sourceTree = "<group>"; };
		812C410024B64A2F00828353 /* DetailRecipeViewController.swift */ = {isa = PBXFileReference; lastKnownFileType = sourcecode.swift; path = DetailRecipeViewController.swift; sourceTree = "<group>"; };
		815F71B524B369B10011FE3E /* Reciplease.app */ = {isa = PBXFileReference; explicitFileType = wrapper.application; includeInIndex = 0; path = Reciplease.app; sourceTree = BUILT_PRODUCTS_DIR; };
		815F71B824B369B10011FE3E /* AppDelegate.swift */ = {isa = PBXFileReference; lastKnownFileType = sourcecode.swift; path = AppDelegate.swift; sourceTree = "<group>"; };
		815F71BA24B369B10011FE3E /* SceneDelegate.swift */ = {isa = PBXFileReference; lastKnownFileType = sourcecode.swift; path = SceneDelegate.swift; sourceTree = "<group>"; };
		815F71BF24B369B10011FE3E /* Base */ = {isa = PBXFileReference; lastKnownFileType = file.storyboard; name = Base; path = Base.lproj/Main.storyboard; sourceTree = "<group>"; };
		815F71C124B369B30011FE3E /* Assets.xcassets */ = {isa = PBXFileReference; lastKnownFileType = folder.assetcatalog; path = Assets.xcassets; sourceTree = "<group>"; };
		815F71C424B369B30011FE3E /* Base */ = {isa = PBXFileReference; lastKnownFileType = file.storyboard; name = Base; path = Base.lproj/LaunchScreen.storyboard; sourceTree = "<group>"; };
		815F71C624B369B30011FE3E /* Info.plist */ = {isa = PBXFileReference; lastKnownFileType = text.plist.xml; path = Info.plist; sourceTree = "<group>"; };
		815F71CD24B3BAB70011FE3E /* IngredientsViewController.swift */ = {isa = PBXFileReference; lastKnownFileType = sourcecode.swift; path = IngredientsViewController.swift; sourceTree = "<group>"; };
		815F71D024B3C5410011FE3E /* NetworkCall.swift */ = {isa = PBXFileReference; lastKnownFileType = sourcecode.swift; path = NetworkCall.swift; sourceTree = "<group>"; };
		815F71D224B3C5920011FE3E /* RequestCall.swift */ = {isa = PBXFileReference; lastKnownFileType = sourcecode.swift; path = RequestCall.swift; sourceTree = "<group>"; };
		815F71D424B3C6010011FE3E /* EdamanService.swift */ = {isa = PBXFileReference; lastKnownFileType = sourcecode.swift; path = EdamanService.swift; sourceTree = "<group>"; };
		815F71D624B3C8DA0011FE3E /* RecipeData.swift */ = {isa = PBXFileReference; lastKnownFileType = sourcecode.swift; path = RecipeData.swift; sourceTree = "<group>"; };
		815F71DA24B3CF580011FE3E /* Default-568h@2x.png */ = {isa = PBXFileReference; lastKnownFileType = image.png; path = "Default-568h@2x.png"; sourceTree = "<group>"; };
		81E5182E24BD985A00E63CB1 /* RecipleaseTests.xctest */ = {isa = PBXFileReference; explicitFileType = wrapper.cfbundle; includeInIndex = 0; path = RecipleaseTests.xctest; sourceTree = BUILT_PRODUCTS_DIR; };
		81E5183224BD985A00E63CB1 /* Info.plist */ = {isa = PBXFileReference; lastKnownFileType = text.plist.xml; path = Info.plist; sourceTree = "<group>"; };
		81E5183824BD9A4200E63CB1 /* EdamanTestCase.swift */ = {isa = PBXFileReference; lastKnownFileType = sourcecode.swift; path = EdamanTestCase.swift; sourceTree = "<group>"; };
		81E5183A24BD9B2C00E63CB1 /* Edaman.json */ = {isa = PBXFileReference; lastKnownFileType = text.json; path = Edaman.json; sourceTree = "<group>"; };
		81E5183C24BD9BAC00E63CB1 /* FakeResponseData.swift */ = {isa = PBXFileReference; lastKnownFileType = sourcecode.swift; path = FakeResponseData.swift; sourceTree = "<group>"; };
		81E5183E24BD9C1A00E63CB1 /* URLSessionFake.swift */ = {isa = PBXFileReference; lastKnownFileType = sourcecode.swift; path = URLSessionFake.swift; sourceTree = "<group>"; };
/* End PBXFileReference section */

/* Begin PBXFrameworksBuildPhase section */
		815F71B224B369B10011FE3E /* Frameworks */ = {
			isa = PBXFrameworksBuildPhase;
			buildActionMask = 2147483647;
			files = (
			);
			runOnlyForDeploymentPostprocessing = 0;
		};
		81E5182B24BD985A00E63CB1 /* Frameworks */ = {
			isa = PBXFrameworksBuildPhase;
			buildActionMask = 2147483647;
			files = (
			);
			runOnlyForDeploymentPostprocessing = 0;
		};
/* End PBXFrameworksBuildPhase section */

/* Begin PBXGroup section */
		815F71AC24B369B10011FE3E = {
			isa = PBXGroup;
			children = (
				815F71DA24B3CF580011FE3E /* Default-568h@2x.png */,
				815F71B724B369B10011FE3E /* Reciplease */,
				81E5182F24BD985A00E63CB1 /* RecipleaseTests */,
				815F71B624B369B10011FE3E /* Products */,
			);
			sourceTree = "<group>";
		};
		815F71B624B369B10011FE3E /* Products */ = {
			isa = PBXGroup;
			children = (
				815F71B524B369B10011FE3E /* Reciplease.app */,
				81E5182E24BD985A00E63CB1 /* RecipleaseTests.xctest */,
			);
			name = Products;
			sourceTree = "<group>";
		};
		815F71B724B369B10011FE3E /* Reciplease */ = {
			isa = PBXGroup;
			children = (
				815F71D924B3CF1D0011FE3E /* Supporting files */,
				815F71CF24B3C4ED0011FE3E /* Model */,
				815F71CC24B3BA1A0011FE3E /* Controller */,
				815F71D824B3CEBB0011FE3E /* View */,
			);
			path = Reciplease;
			sourceTree = "<group>";
		};
		815F71CC24B3BA1A0011FE3E /* Controller */ = {
			isa = PBXGroup;
			children = (
				815F71CD24B3BAB70011FE3E /* IngredientsViewController.swift */,
				812C410024B64A2F00828353 /* DetailRecipeViewController.swift */,
			);
			path = Controller;
			sourceTree = "<group>";
		};
		815F71CF24B3C4ED0011FE3E /* Model */ = {
			isa = PBXGroup;
			children = (
				815F71D024B3C5410011FE3E /* NetworkCall.swift */,
				815F71D224B3C5920011FE3E /* RequestCall.swift */,
				815F71D424B3C6010011FE3E /* EdamanService.swift */,
				815F71D624B3C8DA0011FE3E /* RecipeData.swift */,
			);
			path = Model;
			sourceTree = "<group>";
		};
		815F71D824B3CEBB0011FE3E /* View */ = {
			isa = PBXGroup;
			children = (
				815F71BE24B369B10011FE3E /* Main.storyboard */,
				812C40F424B4BC8800828353 /* IngredientTableViewCell.swift */,
				812C40FC24B6460400828353 /* RecipeTableViewCell.swift */,
				812C40FA24B6454700828353 /* RecipeTableViewCell.xib */,
			);
			path = View;
			sourceTree = "<group>";
		};
		815F71D924B3CF1D0011FE3E /* Supporting files */ = {
			isa = PBXGroup;
			children = (
				815F71C624B369B30011FE3E /* Info.plist */,
				815F71C324B369B30011FE3E /* LaunchScreen.storyboard */,
				815F71B824B369B10011FE3E /* AppDelegate.swift */,
				815F71BA24B369B10011FE3E /* SceneDelegate.swift */,
				815F71C124B369B30011FE3E /* Assets.xcassets */,
			);
			path = "Supporting files";
			sourceTree = "<group>";
		};
		81E5182F24BD985A00E63CB1 /* RecipleaseTests */ = {
			isa = PBXGroup;
			children = (
				81E5183224BD985A00E63CB1 /* Info.plist */,
				81E5183824BD9A4200E63CB1 /* EdamanTestCase.swift */,
				81E5183A24BD9B2C00E63CB1 /* Edaman.json */,
				81E5183C24BD9BAC00E63CB1 /* FakeResponseData.swift */,
				81E5183E24BD9C1A00E63CB1 /* URLSessionFake.swift */,
			);
			path = RecipleaseTests;
			sourceTree = "<group>";
		};
/* End PBXGroup section */

/* Begin PBXNativeTarget section */
		815F71B424B369B10011FE3E /* Reciplease */ = {
			isa = PBXNativeTarget;
			buildConfigurationList = 815F71C924B369B30011FE3E /* Build configuration list for PBXNativeTarget "Reciplease" */;
			buildPhases = (
				815F71B124B369B10011FE3E /* Sources */,
				815F71B224B369B10011FE3E /* Frameworks */,
				815F71B324B369B10011FE3E /* Resources */,
			);
			buildRules = (
			);
			dependencies = (
			);
			name = Reciplease;
			productName = Reciplease;
			productReference = 815F71B524B369B10011FE3E /* Reciplease.app */;
			productType = "com.apple.product-type.application";
		};
		81E5182D24BD985A00E63CB1 /* RecipleaseTests */ = {
			isa = PBXNativeTarget;
			buildConfigurationList = 81E5183724BD985A00E63CB1 /* Build configuration list for PBXNativeTarget "RecipleaseTests" */;
			buildPhases = (
				81E5182A24BD985A00E63CB1 /* Sources */,
				81E5182B24BD985A00E63CB1 /* Frameworks */,
				81E5182C24BD985A00E63CB1 /* Resources */,
			);
			buildRules = (
			);
			dependencies = (
				81E5183424BD985A00E63CB1 /* PBXTargetDependency */,
			);
			name = RecipleaseTests;
			productName = RecipleaseTests;
			productReference = 81E5182E24BD985A00E63CB1 /* RecipleaseTests.xctest */;
			productType = "com.apple.product-type.bundle.unit-test";
		};
/* End PBXNativeTarget section */

/* Begin PBXProject section */
		815F71AD24B369B10011FE3E /* Project object */ = {
			isa = PBXProject;
			attributes = {
				LastSwiftUpdateCheck = 1150;
				LastUpgradeCheck = 1150;
				ORGANIZATIONNAME = "rochdi ben abdeljelil";
				TargetAttributes = {
					815F71B424B369B10011FE3E = {
						CreatedOnToolsVersion = 11.5;
					};
					81E5182D24BD985A00E63CB1 = {
						CreatedOnToolsVersion = 11.5;
						LastSwiftMigration = 1150;
						TestTargetID = 815F71B424B369B10011FE3E;
					};
				};
			};
			buildConfigurationList = 815F71B024B369B10011FE3E /* Build configuration list for PBXProject "Reciplease" */;
			compatibilityVersion = "Xcode 9.3";
			developmentRegion = en;
			hasScannedForEncodings = 0;
			knownRegions = (
				en,
				Base,
			);
			mainGroup = 815F71AC24B369B10011FE3E;
			productRefGroup = 815F71B624B369B10011FE3E /* Products */;
			projectDirPath = "";
			projectRoot = "";
			targets = (
				815F71B424B369B10011FE3E /* Reciplease */,
				81E5182D24BD985A00E63CB1 /* RecipleaseTests */,
			);
		};
/* End PBXProject section */

/* Begin PBXResourcesBuildPhase section */
		815F71B324B369B10011FE3E /* Resources */ = {
			isa = PBXResourcesBuildPhase;
			buildActionMask = 2147483647;
			files = (
				815F71C524B369B30011FE3E /* LaunchScreen.storyboard in Resources */,
				815F71DB24B3CF580011FE3E /* Default-568h@2x.png in Resources */,
				815F71C224B369B30011FE3E /* Assets.xcassets in Resources */,
				812C40FB24B6454700828353 /* RecipeTableViewCell.xib in Resources */,
				815F71C024B369B10011FE3E /* Main.storyboard in Resources */,
			);
			runOnlyForDeploymentPostprocessing = 0;
		};
		81E5182C24BD985A00E63CB1 /* Resources */ = {
			isa = PBXResourcesBuildPhase;
			buildActionMask = 2147483647;
			files = (
				81E5183B24BD9B2C00E63CB1 /* Edaman.json in Resources */,
			);
			runOnlyForDeploymentPostprocessing = 0;
		};
/* End PBXResourcesBuildPhase section */

/* Begin PBXSourcesBuildPhase section */
		815F71B124B369B10011FE3E /* Sources */ = {
			isa = PBXSourcesBuildPhase;
			buildActionMask = 2147483647;
			files = (
				812C410124B64A2F00828353 /* DetailRecipeViewController.swift in Sources */,
				815F71CE24B3BAB70011FE3E /* IngredientsViewController.swift in Sources */,
				815F71D524B3C6010011FE3E /* EdamanService.swift in Sources */,
				815F71D724B3C8DA0011FE3E /* RecipeData.swift in Sources */,
				812C40FD24B6460400828353 /* RecipeTableViewCell.swift in Sources */,
				815F71D324B3C5920011FE3E /* RequestCall.swift in Sources */,
				812C40F524B4BC8800828353 /* IngredientTableViewCell.swift in Sources */,
				815F71B924B369B10011FE3E /* AppDelegate.swift in Sources */,
				815F71D124B3C5410011FE3E /* NetworkCall.swift in Sources */,
				815F71BB24B369B10011FE3E /* SceneDelegate.swift in Sources */,
			);
			runOnlyForDeploymentPostprocessing = 0;
		};
		81E5182A24BD985A00E63CB1 /* Sources */ = {
			isa = PBXSourcesBuildPhase;
			buildActionMask = 2147483647;
			files = (
				81E5183924BD9A4200E63CB1 /* EdamanTestCase.swift in Sources */,
				81E5183F24BD9C1A00E63CB1 /* URLSessionFake.swift in Sources */,
				81E5183D24BD9BAC00E63CB1 /* FakeResponseData.swift in Sources */,
			);
			runOnlyForDeploymentPostprocessing = 0;
		};
/* End PBXSourcesBuildPhase section */

/* Begin PBXTargetDependency section */
		81E5183424BD985A00E63CB1 /* PBXTargetDependency */ = {
			isa = PBXTargetDependency;
			target = 815F71B424B369B10011FE3E /* Reciplease */;
			targetProxy = 81E5183324BD985A00E63CB1 /* PBXContainerItemProxy */;
		};
/* End PBXTargetDependency section */

/* Begin PBXVariantGroup section */
		815F71BE24B369B10011FE3E /* Main.storyboard */ = {
			isa = PBXVariantGroup;
			children = (
				815F71BF24B369B10011FE3E /* Base */,
			);
			name = Main.storyboard;
			sourceTree = "<group>";
		};
		815F71C324B369B30011FE3E /* LaunchScreen.storyboard */ = {
			isa = PBXVariantGroup;
			children = (
				815F71C424B369B30011FE3E /* Base */,
			);
			name = LaunchScreen.storyboard;
			sourceTree = "<group>";
		};
/* End PBXVariantGroup section */

/* Begin XCBuildConfiguration section */
		815F71C724B369B30011FE3E /* Debug */ = {
			isa = XCBuildConfiguration;
			buildSettings = {
				ALWAYS_SEARCH_USER_PATHS = NO;
				CLANG_ANALYZER_NONNULL = YES;
				CLANG_ANALYZER_NUMBER_OBJECT_CONVERSION = YES_AGGRESSIVE;
				CLANG_CXX_LANGUAGE_STANDARD = "gnu++14";
				CLANG_CXX_LIBRARY = "libc++";
				CLANG_ENABLE_MODULES = YES;
				CLANG_ENABLE_OBJC_ARC = YES;
				CLANG_ENABLE_OBJC_WEAK = YES;
				CLANG_WARN_BLOCK_CAPTURE_AUTORELEASING = YES;
				CLANG_WARN_BOOL_CONVERSION = YES;
				CLANG_WARN_COMMA = YES;
				CLANG_WARN_CONSTANT_CONVERSION = YES;
				CLANG_WARN_DEPRECATED_OBJC_IMPLEMENTATIONS = YES;
				CLANG_WARN_DIRECT_OBJC_ISA_USAGE = YES_ERROR;
				CLANG_WARN_DOCUMENTATION_COMMENTS = YES;
				CLANG_WARN_EMPTY_BODY = YES;
				CLANG_WARN_ENUM_CONVERSION = YES;
				CLANG_WARN_INFINITE_RECURSION = YES;
				CLANG_WARN_INT_CONVERSION = YES;
				CLANG_WARN_NON_LITERAL_NULL_CONVERSION = YES;
				CLANG_WARN_OBJC_IMPLICIT_RETAIN_SELF = YES;
				CLANG_WARN_OBJC_LITERAL_CONVERSION = YES;
				CLANG_WARN_OBJC_ROOT_CLASS = YES_ERROR;
				CLANG_WARN_RANGE_LOOP_ANALYSIS = YES;
				CLANG_WARN_STRICT_PROTOTYPES = YES;
				CLANG_WARN_SUSPICIOUS_MOVE = YES;
				CLANG_WARN_UNGUARDED_AVAILABILITY = YES_AGGRESSIVE;
				CLANG_WARN_UNREACHABLE_CODE = YES;
				CLANG_WARN__DUPLICATE_METHOD_MATCH = YES;
				COPY_PHASE_STRIP = NO;
				DEBUG_INFORMATION_FORMAT = dwarf;
				ENABLE_STRICT_OBJC_MSGSEND = YES;
				ENABLE_TESTABILITY = YES;
				GCC_C_LANGUAGE_STANDARD = gnu11;
				GCC_DYNAMIC_NO_PIC = NO;
				GCC_NO_COMMON_BLOCKS = YES;
				GCC_OPTIMIZATION_LEVEL = 0;
				GCC_PREPROCESSOR_DEFINITIONS = (
					"DEBUG=1",
					"$(inherited)",
				);
				GCC_WARN_64_TO_32_BIT_CONVERSION = YES;
				GCC_WARN_ABOUT_RETURN_TYPE = YES_ERROR;
				GCC_WARN_UNDECLARED_SELECTOR = YES;
				GCC_WARN_UNINITIALIZED_AUTOS = YES_AGGRESSIVE;
				GCC_WARN_UNUSED_FUNCTION = YES;
				GCC_WARN_UNUSED_VARIABLE = YES;
				IPHONEOS_DEPLOYMENT_TARGET = 11.0;
				MTL_ENABLE_DEBUG_INFO = INCLUDE_SOURCE;
				MTL_FAST_MATH = YES;
				ONLY_ACTIVE_ARCH = YES;
				SDKROOT = iphoneos;
				SWIFT_ACTIVE_COMPILATION_CONDITIONS = DEBUG;
				SWIFT_OPTIMIZATION_LEVEL = "-Onone";
			};
			name = Debug;
		};
		815F71C824B369B30011FE3E /* Release */ = {
			isa = XCBuildConfiguration;
			buildSettings = {
				ALWAYS_SEARCH_USER_PATHS = NO;
				CLANG_ANALYZER_NONNULL = YES;
				CLANG_ANALYZER_NUMBER_OBJECT_CONVERSION = YES_AGGRESSIVE;
				CLANG_CXX_LANGUAGE_STANDARD = "gnu++14";
				CLANG_CXX_LIBRARY = "libc++";
				CLANG_ENABLE_MODULES = YES;
				CLANG_ENABLE_OBJC_ARC = YES;
				CLANG_ENABLE_OBJC_WEAK = YES;
				CLANG_WARN_BLOCK_CAPTURE_AUTORELEASING = YES;
				CLANG_WARN_BOOL_CONVERSION = YES;
				CLANG_WARN_COMMA = YES;
				CLANG_WARN_CONSTANT_CONVERSION = YES;
				CLANG_WARN_DEPRECATED_OBJC_IMPLEMENTATIONS = YES;
				CLANG_WARN_DIRECT_OBJC_ISA_USAGE = YES_ERROR;
				CLANG_WARN_DOCUMENTATION_COMMENTS = YES;
				CLANG_WARN_EMPTY_BODY = YES;
				CLANG_WARN_ENUM_CONVERSION = YES;
				CLANG_WARN_INFINITE_RECURSION = YES;
				CLANG_WARN_INT_CONVERSION = YES;
				CLANG_WARN_NON_LITERAL_NULL_CONVERSION = YES;
				CLANG_WARN_OBJC_IMPLICIT_RETAIN_SELF = YES;
				CLANG_WARN_OBJC_LITERAL_CONVERSION = YES;
				CLANG_WARN_OBJC_ROOT_CLASS = YES_ERROR;
				CLANG_WARN_RANGE_LOOP_ANALYSIS = YES;
				CLANG_WARN_STRICT_PROTOTYPES = YES;
				CLANG_WARN_SUSPICIOUS_MOVE = YES;
				CLANG_WARN_UNGUARDED_AVAILABILITY = YES_AGGRESSIVE;
				CLANG_WARN_UNREACHABLE_CODE = YES;
				CLANG_WARN__DUPLICATE_METHOD_MATCH = YES;
				COPY_PHASE_STRIP = NO;
				DEBUG_INFORMATION_FORMAT = "dwarf-with-dsym";
				ENABLE_NS_ASSERTIONS = NO;
				ENABLE_STRICT_OBJC_MSGSEND = YES;
				GCC_C_LANGUAGE_STANDARD = gnu11;
				GCC_NO_COMMON_BLOCKS = YES;
				GCC_WARN_64_TO_32_BIT_CONVERSION = YES;
				GCC_WARN_ABOUT_RETURN_TYPE = YES_ERROR;
				GCC_WARN_UNDECLARED_SELECTOR = YES;
				GCC_WARN_UNINITIALIZED_AUTOS = YES_AGGRESSIVE;
				GCC_WARN_UNUSED_FUNCTION = YES;
				GCC_WARN_UNUSED_VARIABLE = YES;
				IPHONEOS_DEPLOYMENT_TARGET = 11.0;
				MTL_ENABLE_DEBUG_INFO = NO;
				MTL_FAST_MATH = YES;
				SDKROOT = iphoneos;
				SWIFT_COMPILATION_MODE = wholemodule;
				SWIFT_OPTIMIZATION_LEVEL = "-O";
				VALIDATE_PRODUCT = YES;
			};
			name = Release;
		};
		815F71CA24B369B30011FE3E /* Debug */ = {
			isa = XCBuildConfiguration;
			buildSettings = {
				ASSETCATALOG_COMPILER_APPICON_NAME = AppIcon;
				CODE_SIGN_STYLE = Automatic;
				DEVELOPMENT_TEAM = 3UZFB2X4K2;
				INFOPLIST_FILE = "$(SRCROOT)/Reciplease/Supporting files/Info.plist";
				LD_RUNPATH_SEARCH_PATHS = (
					"$(inherited)",
					"@executable_path/Frameworks",
				);
				PRODUCT_BUNDLE_IDENTIFIER = com.rochdi.Reciplease;
				PRODUCT_NAME = "$(TARGET_NAME)";
				SWIFT_VERSION = 5.0;
				TARGETED_DEVICE_FAMILY = "1,2";
			};
			name = Debug;
		};
		815F71CB24B369B30011FE3E /* Release */ = {
			isa = XCBuildConfiguration;
			buildSettings = {
				ASSETCATALOG_COMPILER_APPICON_NAME = AppIcon;
				CODE_SIGN_STYLE = Automatic;
				DEVELOPMENT_TEAM = 3UZFB2X4K2;
				INFOPLIST_FILE = "$(SRCROOT)/Reciplease/Supporting files/Info.plist";
				LD_RUNPATH_SEARCH_PATHS = (
					"$(inherited)",
					"@executable_path/Frameworks",
				);
				PRODUCT_BUNDLE_IDENTIFIER = com.rochdi.Reciplease;
				PRODUCT_NAME = "$(TARGET_NAME)";
				SWIFT_VERSION = 5.0;
				TARGETED_DEVICE_FAMILY = "1,2";
			};
			name = Release;
		};
		81E5183524BD985A00E63CB1 /* Debug */ = {
			isa = XCBuildConfiguration;
			buildSettings = {
				BUNDLE_LOADER = "$(TEST_HOST)";
				CLANG_ENABLE_MODULES = YES;
				CODE_SIGN_STYLE = Automatic;
				INFOPLIST_FILE = RecipleaseTests/Info.plist;
				IPHONEOS_DEPLOYMENT_TARGET = 13.5;
				LD_RUNPATH_SEARCH_PATHS = (
					"$(inherited)",
					"@executable_path/Frameworks",
					"@loader_path/Frameworks",
				);
				PRODUCT_BUNDLE_IDENTIFIER = com.rochdi.RecipleaseTests;
				PRODUCT_NAME = "$(TARGET_NAME)";
				SWIFT_OPTIMIZATION_LEVEL = "-Onone";
				SWIFT_VERSION = 5.0;
				TARGETED_DEVICE_FAMILY = "1,2";
				TEST_HOST = "$(BUILT_PRODUCTS_DIR)/Reciplease.app/Reciplease";
			};
			name = Debug;
		};
		81E5183624BD985A00E63CB1 /* Release */ = {
			isa = XCBuildConfiguration;
			buildSettings = {
				BUNDLE_LOADER = "$(TEST_HOST)";
				CLANG_ENABLE_MODULES = YES;
				CODE_SIGN_STYLE = Automatic;
				INFOPLIST_FILE = RecipleaseTests/Info.plist;
				IPHONEOS_DEPLOYMENT_TARGET = 13.5;
				LD_RUNPATH_SEARCH_PATHS = (
					"$(inherited)",
					"@executable_path/Frameworks",
					"@loader_path/Frameworks",
				);
				PRODUCT_BUNDLE_IDENTIFIER = com.rochdi.RecipleaseTests;
				PRODUCT_NAME = "$(TARGET_NAME)";
				SWIFT_VERSION = 5.0;
				TARGETED_DEVICE_FAMILY = "1,2";
				TEST_HOST = "$(BUILT_PRODUCTS_DIR)/Reciplease.app/Reciplease";
			};
			name = Release;
		};
/* End XCBuildConfiguration section */

/* Begin XCConfigurationList section */
		815F71B024B369B10011FE3E /* Build configuration list for PBXProject "Reciplease" */ = {
			isa = XCConfigurationList;
			buildConfigurations = (
				815F71C724B369B30011FE3E /* Debug */,
				815F71C824B369B30011FE3E /* Release */,
			);
			defaultConfigurationIsVisible = 0;
			defaultConfigurationName = Release;
		};
		815F71C924B369B30011FE3E /* Build configuration list for PBXNativeTarget "Reciplease" */ = {
			isa = XCConfigurationList;
			buildConfigurations = (
				815F71CA24B369B30011FE3E /* Debug */,
				815F71CB24B369B30011FE3E /* Release */,
			);
			defaultConfigurationIsVisible = 0;
			defaultConfigurationName = Release;
		};
		81E5183724BD985A00E63CB1 /* Build configuration list for PBXNativeTarget "RecipleaseTests" */ = {
			isa = XCConfigurationList;
			buildConfigurations = (
				81E5183524BD985A00E63CB1 /* Debug */,
				81E5183624BD985A00E63CB1 /* Release */,
			);
			defaultConfigurationIsVisible = 0;
			defaultConfigurationName = Release;
		};
/* End XCConfigurationList section */
	};
	rootObject = 815F71AD24B369B10011FE3E /* Project object */;
}
