// !$*UTF8*$!
{
	archiveVersion = 1;
	classes = {
	};
	objectVersion = 51;
	objects = {

/* Begin PBXBuildFile section */
		519FBF45D6964DF7CC056DFD /* Pods_Reciplease.framework in Frameworks */ = {isa = PBXBuildFile; fileRef = 8C84EC8FBC0C2585C973A8E2 /* Pods_Reciplease.framework */; };
		812C40F524B4BC8800828353 /* IngredientTableViewCell.swift in Sources */ = {isa = PBXBuildFile; fileRef = 812C40F424B4BC8800828353 /* IngredientTableViewCell.swift */; };
		812C40FB24B6454700828353 /* RecipeTableViewCell.xib in Resources */ = {isa = PBXBuildFile; fileRef = 812C40FA24B6454700828353 /* RecipeTableViewCell.xib */; };
		812C40FD24B6460400828353 /* RecipeTableViewCell.swift in Sources */ = {isa = PBXBuildFile; fileRef = 812C40FC24B6460400828353 /* RecipeTableViewCell.swift */; };
		812C410124B64A2F00828353 /* DetailRecipeViewController.swift in Sources */ = {isa = PBXBuildFile; fileRef = 812C410024B64A2F00828353 /* DetailRecipeViewController.swift */; };
		815F71B924B369B10011FE3E /* AppDelegate.swift in Sources */ = {isa = PBXBuildFile; fileRef = 815F71B824B369B10011FE3E /* AppDelegate.swift */; };
		815F71BB24B369B10011FE3E /* SceneDelegate.swift in Sources */ = {isa = PBXBuildFile; fileRef = 815F71BA24B369B10011FE3E /* SceneDelegate.swift */; };
		815F71C024B369B10011FE3E /* Main.storyboard in Resources */ = {isa = PBXBuildFile; fileRef = 815F71BE24B369B10011FE3E /* Main.storyboard */; };
		815F71C224B369B30011FE3E /* Assets.xcassets in Resources */ = {isa = PBXBuildFile; fileRef = 815F71C124B369B30011FE3E /* Assets.xcassets */; };
		815F71C524B369B30011FE3E /* LaunchScreen.storyboard in Resources */ = {isa = PBXBuildFile; fileRef = 815F71C324B369B30011FE3E /* LaunchScreen.storyboard */; };
		815F71CE24B3BAB70011FE3E /* IngredientsViewController.swift in Sources */ = {isa = PBXBuildFile; fileRef = 815F71CD24B3BAB70011FE3E /* IngredientsViewController.swift */; };
		815F71D724B3C8DA0011FE3E /* RecipeData.swift in Sources */ = {isa = PBXBuildFile; fileRef = 815F71D624B3C8DA0011FE3E /* RecipeData.swift */; };
		8192F87524DC7780001D5C60 /* FavoriteRecipeViewController.swift in Sources */ = {isa = PBXBuildFile; fileRef = 8192F87424DC7780001D5C60 /* FavoriteRecipeViewController.swift */; };
		8192F87C24DDF29A001D5C60 /* MockCoreDataStack.swift in Sources */ = {isa = PBXBuildFile; fileRef = 8192F87B24DDF29A001D5C60 /* MockCoreDataStack.swift */; };
		8192F87E24DDF69D001D5C60 /* CoreDataManagerTests.swift in Sources */ = {isa = PBXBuildFile; fileRef = 8192F87D24DDF69D001D5C60 /* CoreDataManagerTests.swift */; };
		8192F88024E197AD001D5C60 /* Image.swift in Sources */ = {isa = PBXBuildFile; fileRef = 8192F87F24E197AD001D5C60 /* Image.swift */; };
		8192F88224E1DAA6001D5C60 /* Encoder.swift in Sources */ = {isa = PBXBuildFile; fileRef = 8192F88124E1DAA6001D5C60 /* Encoder.swift */; };
		81B001C424D42A9C00B75457 /* Reciplease.xcdatamodeld in Sources */ = {isa = PBXBuildFile; fileRef = 81B001C224D42A9C00B75457 /* Reciplease.xcdatamodeld */; };
		81B001C624D42B8400B75457 /* CoreDataStack.swift in Sources */ = {isa = PBXBuildFile; fileRef = 81B001C524D42B8400B75457 /* CoreDataStack.swift */; };
		81B001C824D42BBD00B75457 /* CoreDataManager.swift in Sources */ = {isa = PBXBuildFile; fileRef = 81B001C724D42BBD00B75457 /* CoreDataManager.swift */; };
		81B001CB24D432A700B75457 /* RecipeSession.swift in Sources */ = {isa = PBXBuildFile; fileRef = 81B001CA24D432A700B75457 /* RecipeSession.swift */; };
		81B001CD24D434EC00B75457 /* RecipeService.swift in Sources */ = {isa = PBXBuildFile; fileRef = 81B001CC24D434EC00B75457 /* RecipeService.swift */; };
		81B001CF24D43A1900B75457 /* ApiSet.swift in Sources */ = {isa = PBXBuildFile; fileRef = 81B001CE24D43A1900B75457 /* ApiSet.swift */; };
		81CCF09324D4A8AF002B1EA8 /* String.swift in Sources */ = {isa = PBXBuildFile; fileRef = 81CCF09224D4A8AF002B1EA8 /* String.swift */; };
		81CCF09524D82EEF002B1EA8 /* UIViewController.swift in Sources */ = {isa = PBXBuildFile; fileRef = 81CCF09424D82EEF002B1EA8 /* UIViewController.swift */; };
		81CCF09724D89430002B1EA8 /* ListRecipeViewController.swift in Sources */ = {isa = PBXBuildFile; fileRef = 81CCF09624D89430002B1EA8 /* ListRecipeViewController.swift */; };
		81CCF09924D89511002B1EA8 /* Int.swift in Sources */ = {isa = PBXBuildFile; fileRef = 81CCF09824D89511002B1EA8 /* Int.swift */; };
		81CCF09B24D89637002B1EA8 /* Time.swift in Sources */ = {isa = PBXBuildFile; fileRef = 81CCF09A24D89637002B1EA8 /* Time.swift */; };
		81E5183924BD9A4200E63CB1 /* EdamanTestCase.swift in Sources */ = {isa = PBXBuildFile; fileRef = 81E5183824BD9A4200E63CB1 /* EdamanTestCase.swift */; };
		81E5183B24BD9B2C00E63CB1 /* edaman.json in Resources */ = {isa = PBXBuildFile; fileRef = 81E5183A24BD9B2C00E63CB1 /* edaman.json */; };
		81E5183D24BD9BAC00E63CB1 /* FakeResponseData.swift in Sources */ = {isa = PBXBuildFile; fileRef = 81E5183C24BD9BAC00E63CB1 /* FakeResponseData.swift */; };
		81E5183F24BD9C1A00E63CB1 /* MockRecipeService.swift in Sources */ = {isa = PBXBuildFile; fileRef = 81E5183E24BD9C1A00E63CB1 /* MockRecipeService.swift */; };
		C7CB6AFE7D2CAE16CDC0BACB /* Pods_RecipleaseTests.framework in Frameworks */ = {isa = PBXBuildFile; fileRef = 2B65AB82C26D4EE2DFC0B83B /* Pods_RecipleaseTests.framework */; };
/* End PBXBuildFile section */

/* Begin PBXContainerItemProxy section */
		81E5183324BD985A00E63CB1 /* PBXContainerItemProxy */ = {
			isa = PBXContainerItemProxy;
			containerPortal = 815F71AD24B369B10011FE3E /* Project object */;
			proxyType = 1;
			remoteGlobalIDString = 815F71B424B369B10011FE3E;
			remoteInfo = Reciplease;
		};
/* End PBXContainerItemProxy section */

/* Begin PBXFileReference section */
		1051DE45478BF08874A9C4B6 /* Pods-Reciplease.debug.xcconfig */ = {isa = PBXFileReference; includeInIndex = 1; lastKnownFileType = text.xcconfig; name = "Pods-Reciplease.debug.xcconfig"; path = "Target Support Files/Pods-Reciplease/Pods-Reciplease.debug.xcconfig"; sourceTree = "<group>"; };
		17CA685F3D8012189A2A33AC /* Pods-RecipleaseTests.debug.xcconfig */ = {isa = PBXFileReference; includeInIndex = 1; lastKnownFileType = text.xcconfig; name = "Pods-RecipleaseTests.debug.xcconfig"; path = "Target Support Files/Pods-RecipleaseTests/Pods-RecipleaseTests.debug.xcconfig"; sourceTree = "<group>"; };
		2B65AB82C26D4EE2DFC0B83B /* Pods_RecipleaseTests.framework */ = {isa = PBXFileReference; explicitFileType = wrapper.framework; includeInIndex = 0; path = Pods_RecipleaseTests.framework; sourceTree = BUILT_PRODUCTS_DIR; };
		812C40F424B4BC8800828353 /* IngredientTableViewCell.swift */ = {isa = PBXFileReference; lastKnownFileType = sourcecode.swift; path = IngredientTableViewCell.swift; sourceTree = "<group>"; };
		812C40FA24B6454700828353 /* RecipeTableViewCell.xib */ = {isa = PBXFileReference; lastKnownFileType = file.xib; path = RecipeTableViewCell.xib; sourceTree = "<group>"; };
		812C40FC24B6460400828353 /* RecipeTableViewCell.swift */ = {isa = PBXFileReference; lastKnownFileType = sourcecode.swift; path = RecipeTableViewCell.swift; sourceTree = "<group>"; };
		812C410024B64A2F00828353 /* DetailRecipeViewController.swift */ = {isa = PBXFileReference; lastKnownFileType = sourcecode.swift; path = DetailRecipeViewController.swift; sourceTree = "<group>"; };
		815F71B524B369B10011FE3E /* Reciplease.app */ = {isa = PBXFileReference; explicitFileType = wrapper.application; includeInIndex = 0; path = Reciplease.app; sourceTree = BUILT_PRODUCTS_DIR; };
		815F71B824B369B10011FE3E /* AppDelegate.swift */ = {isa = PBXFileReference; lastKnownFileType = sourcecode.swift; path = AppDelegate.swift; sourceTree = "<group>"; };
		815F71BA24B369B10011FE3E /* SceneDelegate.swift */ = {isa = PBXFileReference; lastKnownFileType = sourcecode.swift; path = SceneDelegate.swift; sourceTree = "<group>"; };
		815F71BF24B369B10011FE3E /* Base */ = {isa = PBXFileReference; lastKnownFileType = file.storyboard; name = Base; path = Base.lproj/Main.storyboard; sourceTree = "<group>"; };
		815F71C124B369B30011FE3E /* Assets.xcassets */ = {isa = PBXFileReference; lastKnownFileType = folder.assetcatalog; path = Assets.xcassets; sourceTree = "<group>"; };
		815F71C424B369B30011FE3E /* Base */ = {isa = PBXFileReference; lastKnownFileType = file.storyboard; name = Base; path = Base.lproj/LaunchScreen.storyboard; sourceTree = "<group>"; };
		815F71C624B369B30011FE3E /* Info.plist */ = {isa = PBXFileReference; lastKnownFileType = text.plist.xml; path = Info.plist; sourceTree = "<group>"; };
		815F71CD24B3BAB70011FE3E /* IngredientsViewController.swift */ = {isa = PBXFileReference; lastKnownFileType = sourcecode.swift; path = IngredientsViewController.swift; sourceTree = "<group>"; };
		815F71D624B3C8DA0011FE3E /* RecipeData.swift */ = {isa = PBXFileReference; lastKnownFileType = sourcecode.swift; path = RecipeData.swift; sourceTree = "<group>"; };
		8192F87424DC7780001D5C60 /* FavoriteRecipeViewController.swift */ = {isa = PBXFileReference; lastKnownFileType = sourcecode.swift; path = FavoriteRecipeViewController.swift; sourceTree = "<group>"; };
		8192F87B24DDF29A001D5C60 /* MockCoreDataStack.swift */ = {isa = PBXFileReference; lastKnownFileType = sourcecode.swift; path = MockCoreDataStack.swift; sourceTree = "<group>"; };
		8192F87D24DDF69D001D5C60 /* CoreDataManagerTests.swift */ = {isa = PBXFileReference; lastKnownFileType = sourcecode.swift; path = CoreDataManagerTests.swift; sourceTree = "<group>"; };
		8192F87F24E197AD001D5C60 /* Image.swift */ = {isa = PBXFileReference; lastKnownFileType = sourcecode.swift; path = Image.swift; sourceTree = "<group>"; };
		8192F88124E1DAA6001D5C60 /* Encoder.swift */ = {isa = PBXFileReference; lastKnownFileType = sourcecode.swift; path = Encoder.swift; sourceTree = "<group>"; };
		81B001C324D42A9C00B75457 /* Reciplease.xcdatamodel */ = {isa = PBXFileReference; lastKnownFileType = wrapper.xcdatamodel; path = Reciplease.xcdatamodel; sourceTree = "<group>"; };
		81B001C524D42B8400B75457 /* CoreDataStack.swift */ = {isa = PBXFileReference; lastKnownFileType = sourcecode.swift; path = CoreDataStack.swift; sourceTree = "<group>"; };
		81B001C724D42BBD00B75457 /* CoreDataManager.swift */ = {isa = PBXFileReference; lastKnownFileType = sourcecode.swift; path = CoreDataManager.swift; sourceTree = "<group>"; };
		81B001CA24D432A700B75457 /* RecipeSession.swift */ = {isa = PBXFileReference; lastKnownFileType = sourcecode.swift; path = RecipeSession.swift; sourceTree = "<group>"; };
		81B001CC24D434EC00B75457 /* RecipeService.swift */ = {isa = PBXFileReference; lastKnownFileType = sourcecode.swift; path = RecipeService.swift; sourceTree = "<group>"; };
		81B001CE24D43A1900B75457 /* ApiSet.swift */ = {isa = PBXFileReference; lastKnownFileType = sourcecode.swift; path = ApiSet.swift; sourceTree = "<group>"; };
		81CCF09224D4A8AF002B1EA8 /* String.swift */ = {isa = PBXFileReference; lastKnownFileType = sourcecode.swift; path = String.swift; sourceTree = "<group>"; };
		81CCF09424D82EEF002B1EA8 /* UIViewController.swift */ = {isa = PBXFileReference; lastKnownFileType = sourcecode.swift; path = UIViewController.swift; sourceTree = "<group>"; };
		81CCF09624D89430002B1EA8 /* ListRecipeViewController.swift */ = {isa = PBXFileReference; lastKnownFileType = sourcecode.swift; path = ListRecipeViewController.swift; sourceTree = "<group>"; };
		81CCF09824D89511002B1EA8 /* Int.swift */ = {isa = PBXFileReference; lastKnownFileType = sourcecode.swift; path = Int.swift; sourceTree = "<group>"; };
		81CCF09A24D89637002B1EA8 /* Time.swift */ = {isa = PBXFileReference; lastKnownFileType = sourcecode.swift; path = Time.swift; sourceTree = "<group>"; };
		81E5182E24BD985A00E63CB1 /* RecipleaseTests.xctest */ = {isa = PBXFileReference; explicitFileType = wrapper.cfbundle; includeInIndex = 0; path = RecipleaseTests.xctest; sourceTree = BUILT_PRODUCTS_DIR; };
		81E5183224BD985A00E63CB1 /* Info.plist */ = {isa = PBXFileReference; lastKnownFileType = text.plist.xml; path = Info.plist; sourceTree = "<group>"; };
		81E5183824BD9A4200E63CB1 /* EdamanTestCase.swift */ = {isa = PBXFileReference; lastKnownFileType = sourcecode.swift; path = EdamanTestCase.swift; sourceTree = "<group>"; };
		81E5183A24BD9B2C00E63CB1 /* edaman.json */ = {isa = PBXFileReference; lastKnownFileType = text.json; path = edaman.json; sourceTree = "<group>"; };
		81E5183C24BD9BAC00E63CB1 /* FakeResponseData.swift */ = {isa = PBXFileReference; lastKnownFileType = sourcecode.swift; path = FakeResponseData.swift; sourceTree = "<group>"; };
		81E5183E24BD9C1A00E63CB1 /* MockRecipeService.swift */ = {isa = PBXFileReference; lastKnownFileType = sourcecode.swift; path = MockRecipeService.swift; sourceTree = "<group>"; };
		8C84EC8FBC0C2585C973A8E2 /* Pods_Reciplease.framework */ = {isa = PBXFileReference; explicitFileType = wrapper.framework; includeInIndex = 0; path = Pods_Reciplease.framework; sourceTree = BUILT_PRODUCTS_DIR; };
		C9568FD7476CDB7E10F84061 /* Pods-Reciplease.release.xcconfig */ = {isa = PBXFileReference; includeInIndex = 1; lastKnownFileType = text.xcconfig; name = "Pods-Reciplease.release.xcconfig"; path = "Target Support Files/Pods-Reciplease/Pods-Reciplease.release.xcconfig"; sourceTree = "<group>"; };
		CA3028AA0D3049775D33D3A5 /* Pods-RecipleaseTests.release.xcconfig */ = {isa = PBXFileReference; includeInIndex = 1; lastKnownFileType = text.xcconfig; name = "Pods-RecipleaseTests.release.xcconfig"; path = "Target Support Files/Pods-RecipleaseTests/Pods-RecipleaseTests.release.xcconfig"; sourceTree = "<group>"; };
/* End PBXFileReference section */

/* Begin PBXFrameworksBuildPhase section */
		815F71B224B369B10011FE3E /* Frameworks */ = {
			isa = PBXFrameworksBuildPhase;
			buildActionMask = 2147483647;
			files = (
				519FBF45D6964DF7CC056DFD /* Pods_Reciplease.framework in Frameworks */,
			);
			runOnlyForDeploymentPostprocessing = 0;
		};
		81E5182B24BD985A00E63CB1 /* Frameworks */ = {
			isa = PBXFrameworksBuildPhase;
			buildActionMask = 2147483647;
			files = (
				C7CB6AFE7D2CAE16CDC0BACB /* Pods_RecipleaseTests.framework in Frameworks */,
			);
			runOnlyForDeploymentPostprocessing = 0;
		};
/* End PBXFrameworksBuildPhase section */

/* Begin PBXGroup section */
		815F71AC24B369B10011FE3E = {
			isa = PBXGroup;
			children = (
				815F71B724B369B10011FE3E /* Reciplease */,
				81E5182F24BD985A00E63CB1 /* RecipleaseTests */,
				8192F87824DDF0DC001D5C60 /* RecipleaseWithCoreDataTests */,
				815F71B624B369B10011FE3E /* Products */,
				9BA67B87ED14A80482D270EF /* Pods */,
				BBEAA705F33527661758F2F4 /* Frameworks */,
			);
			sourceTree = "<group>";
		};
		815F71B624B369B10011FE3E /* Products */ = {
			isa = PBXGroup;
			children = (
				815F71B524B369B10011FE3E /* Reciplease.app */,
				81E5182E24BD985A00E63CB1 /* RecipleaseTests.xctest */,
			);
			name = Products;
			sourceTree = "<group>";
		};
		815F71B724B369B10011FE3E /* Reciplease */ = {
			isa = PBXGroup;
			children = (
				815F71D924B3CF1D0011FE3E /* Supporting files */,
				81CCF09124D4A882002B1EA8 /* Extensions */,
				81B001C024D42A1700B75457 /* Modules */,
				815F71CC24B3BA1A0011FE3E /* Controller */,
				815F71D824B3CEBB0011FE3E /* View */,
			);
			path = Reciplease;
			sourceTree = "<group>";
		};
		815F71CC24B3BA1A0011FE3E /* Controller */ = {
			isa = PBXGroup;
			children = (
				815F71CD24B3BAB70011FE3E /* IngredientsViewController.swift */,
				81CCF09624D89430002B1EA8 /* ListRecipeViewController.swift */,
				812C410024B64A2F00828353 /* DetailRecipeViewController.swift */,
				8192F87424DC7780001D5C60 /* FavoriteRecipeViewController.swift */,
			);
			path = Controller;
			sourceTree = "<group>";
		};
		815F71D824B3CEBB0011FE3E /* View */ = {
			isa = PBXGroup;
			children = (
				815F71BE24B369B10011FE3E /* Main.storyboard */,
				812C40F424B4BC8800828353 /* IngredientTableViewCell.swift */,
				812C40FC24B6460400828353 /* RecipeTableViewCell.swift */,
				812C40FA24B6454700828353 /* RecipeTableViewCell.xib */,
			);
			path = View;
			sourceTree = "<group>";
		};
		815F71D924B3CF1D0011FE3E /* Supporting files */ = {
			isa = PBXGroup;
			children = (
				815F71C624B369B30011FE3E /* Info.plist */,
				815F71C324B369B30011FE3E /* LaunchScreen.storyboard */,
				815F71B824B369B10011FE3E /* AppDelegate.swift */,
				815F71BA24B369B10011FE3E /* SceneDelegate.swift */,
				815F71C124B369B30011FE3E /* Assets.xcassets */,
			);
			path = "Supporting files";
			sourceTree = "<group>";
		};
		8192F87824DDF0DC001D5C60 /* RecipleaseWithCoreDataTests */ = {
			isa = PBXGroup;
			children = (
				8192F87B24DDF29A001D5C60 /* MockCoreDataStack.swift */,
				8192F87D24DDF69D001D5C60 /* CoreDataManagerTests.swift */,
			);
			path = RecipleaseWithCoreDataTests;
			sourceTree = "<group>";
		};
		81B001C024D42A1700B75457 /* Modules */ = {
			isa = PBXGroup;
			children = (
				81B001C924D4328A00B75457 /* Model */,
				81B001C124D42A3000B75457 /* CoreData */,
			);
			path = Modules;
			sourceTree = "<group>";
		};
		81B001C124D42A3000B75457 /* CoreData */ = {
			isa = PBXGroup;
			children = (
				81B001C224D42A9C00B75457 /* Reciplease.xcdatamodeld */,
				81B001C524D42B8400B75457 /* CoreDataStack.swift */,
				81B001C724D42BBD00B75457 /* CoreDataManager.swift */,
			);
			path = CoreData;
			sourceTree = "<group>";
		};
		81B001C924D4328A00B75457 /* Model */ = {
			isa = PBXGroup;
			children = (
				81B001CE24D43A1900B75457 /* ApiSet.swift */,
				81B001CA24D432A700B75457 /* RecipeSession.swift */,
				815F71D624B3C8DA0011FE3E /* RecipeData.swift */,
				81B001CC24D434EC00B75457 /* RecipeService.swift */,
			);
			path = Model;
			sourceTree = "<group>";
		};
		81CCF09124D4A882002B1EA8 /* Extensions */ = {
			isa = PBXGroup;
			children = (
				81CCF09224D4A8AF002B1EA8 /* String.swift */,
				81CCF09424D82EEF002B1EA8 /* UIViewController.swift */,
				81CCF09824D89511002B1EA8 /* Int.swift */,
				81CCF09A24D89637002B1EA8 /* Time.swift */,
				8192F87F24E197AD001D5C60 /* Image.swift */,
				8192F88124E1DAA6001D5C60 /* Encoder.swift */,
			);
			path = Extensions;
			sourceTree = "<group>";
		};
		81E5182F24BD985A00E63CB1 /* RecipleaseTests */ = {
			isa = PBXGroup;
			children = (
				81E5183224BD985A00E63CB1 /* Info.plist */,
				81E5183824BD9A4200E63CB1 /* EdamanTestCase.swift */,
				81E5183A24BD9B2C00E63CB1 /* edaman.json */,
				81E5183C24BD9BAC00E63CB1 /* FakeResponseData.swift */,
				81E5183E24BD9C1A00E63CB1 /* MockRecipeService.swift */,
			);
			path = RecipleaseTests;
			sourceTree = "<group>";
		};
		9BA67B87ED14A80482D270EF /* Pods */ = {
			isa = PBXGroup;
			children = (
				1051DE45478BF08874A9C4B6 /* Pods-Reciplease.debug.xcconfig */,
				C9568FD7476CDB7E10F84061 /* Pods-Reciplease.release.xcconfig */,
				17CA685F3D8012189A2A33AC /* Pods-RecipleaseTests.debug.xcconfig */,
				CA3028AA0D3049775D33D3A5 /* Pods-RecipleaseTests.release.xcconfig */,
			);
			path = Pods;
			sourceTree = "<group>";
		};
		BBEAA705F33527661758F2F4 /* Frameworks */ = {
			isa = PBXGroup;
			children = (
				8C84EC8FBC0C2585C973A8E2 /* Pods_Reciplease.framework */,
				2B65AB82C26D4EE2DFC0B83B /* Pods_RecipleaseTests.framework */,
			);
			name = Frameworks;
			sourceTree = "<group>";
		};
/* End PBXGroup section */

/* Begin PBXNativeTarget section */
		815F71B424B369B10011FE3E /* Reciplease */ = {
			isa = PBXNativeTarget;
			buildConfigurationList = 815F71C924B369B30011FE3E /* Build configuration list for PBXNativeTarget "Reciplease" */;
			buildPhases = (
				80BDAB6B5ED5738768F43818 /* [CP] Check Pods Manifest.lock */,
				815F71B124B369B10011FE3E /* Sources */,
				815F71B224B369B10011FE3E /* Frameworks */,
				815F71B324B369B10011FE3E /* Resources */,
				95CBF436CC3D1C0A03ADEBAA /* [CP] Embed Pods Frameworks */,
			);
			buildRules = (
			);
			dependencies = (
			);
			name = Reciplease;
			productName = Reciplease;
			productReference = 815F71B524B369B10011FE3E /* Reciplease.app */;
			productType = "com.apple.product-type.application";
		};
		81E5182D24BD985A00E63CB1 /* RecipleaseTests */ = {
			isa = PBXNativeTarget;
			buildConfigurationList = 81E5183724BD985A00E63CB1 /* Build configuration list for PBXNativeTarget "RecipleaseTests" */;
			buildPhases = (
				54208ED7FE3B58787B77862D /* [CP] Check Pods Manifest.lock */,
				81E5182A24BD985A00E63CB1 /* Sources */,
				81E5182B24BD985A00E63CB1 /* Frameworks */,
				81E5182C24BD985A00E63CB1 /* Resources */,
			);
			buildRules = (
			);
			dependencies = (
				81E5183424BD985A00E63CB1 /* PBXTargetDependency */,
			);
			name = RecipleaseTests;
			productName = RecipleaseTests;
			productReference = 81E5182E24BD985A00E63CB1 /* RecipleaseTests.xctest */;
			productType = "com.apple.product-type.bundle.unit-test";
		};
/* End PBXNativeTarget section */

/* Begin PBXProject section */
		815F71AD24B369B10011FE3E /* Project object */ = {
			isa = PBXProject;
			attributes = {
				LastSwiftUpdateCheck = 1150;
				LastUpgradeCheck = 1150;
				ORGANIZATIONNAME = "rochdi ben abdeljelil";
				TargetAttributes = {
					815F71B424B369B10011FE3E = {
						CreatedOnToolsVersion = 11.5;
					};
					81E5182D24BD985A00E63CB1 = {
						CreatedOnToolsVersion = 11.5;
						LastSwiftMigration = 1150;
						TestTargetID = 815F71B424B369B10011FE3E;
					};
				};
			};
			buildConfigurationList = 815F71B024B369B10011FE3E /* Build configuration list for PBXProject "Reciplease" */;
			compatibilityVersion = "Xcode 9.3";
			developmentRegion = en;
			hasScannedForEncodings = 0;
			knownRegions = (
				en,
				Base,
			);
			mainGroup = 815F71AC24B369B10011FE3E;
			productRefGroup = 815F71B624B369B10011FE3E /* Products */;
			projectDirPath = "";
			projectRoot = "";
			targets = (
				815F71B424B369B10011FE3E /* Reciplease */,
				81E5182D24BD985A00E63CB1 /* RecipleaseTests */,
			);
		};
/* End PBXProject section */

/* Begin PBXResourcesBuildPhase section */
		815F71B324B369B10011FE3E /* Resources */ = {
			isa = PBXResourcesBuildPhase;
			buildActionMask = 2147483647;
			files = (
				815F71C524B369B30011FE3E /* LaunchScreen.storyboard in Resources */,
				815F71C224B369B30011FE3E /* Assets.xcassets in Resources */,
				812C40FB24B6454700828353 /* RecipeTableViewCell.xib in Resources */,
				815F71C024B369B10011FE3E /* Main.storyboard in Resources */,
			);
			runOnlyForDeploymentPostprocessing = 0;
		};
		81E5182C24BD985A00E63CB1 /* Resources */ = {
			isa = PBXResourcesBuildPhase;
			buildActionMask = 2147483647;
			files = (
				81E5183B24BD9B2C00E63CB1 /* edaman.json in Resources */,
			);
			runOnlyForDeploymentPostprocessing = 0;
		};
/* End PBXResourcesBuildPhase section */

/* Begin PBXShellScriptBuildPhase section */
		54208ED7FE3B58787B77862D /* [CP] Check Pods Manifest.lock */ = {
			isa = PBXShellScriptBuildPhase;
			buildActionMask = 2147483647;
			files = (
			);
			inputFileListPaths = (
			);
			inputPaths = (
				"${PODS_PODFILE_DIR_PATH}/Podfile.lock",
				"${PODS_ROOT}/Manifest.lock",
			);
			name = "[CP] Check Pods Manifest.lock";
			outputFileListPaths = (
			);
			outputPaths = (
				"$(DERIVED_FILE_DIR)/Pods-RecipleaseTests-checkManifestLockResult.txt",
			);
			runOnlyForDeploymentPostprocessing = 0;
			shellPath = /bin/sh;
			shellScript = "diff \"${PODS_PODFILE_DIR_PATH}/Podfile.lock\" \"${PODS_ROOT}/Manifest.lock\" > /dev/null\nif [ $? != 0 ] ; then\n    # print error to STDERR\n    echo \"error: The sandbox is not in sync with the Podfile.lock. Run 'pod install' or update your CocoaPods installation.\" >&2\n    exit 1\nfi\n# This output is used by Xcode 'outputs' to avoid re-running this script phase.\necho \"SUCCESS\" > \"${SCRIPT_OUTPUT_FILE_0}\"\n";
			showEnvVarsInLog = 0;
		};
		80BDAB6B5ED5738768F43818 /* [CP] Check Pods Manifest.lock */ = {
			isa = PBXShellScriptBuildPhase;
			buildActionMask = 2147483647;
			files = (
			);
			inputFileListPaths = (
			);
			inputPaths = (
				"${PODS_PODFILE_DIR_PATH}/Podfile.lock",
				"${PODS_ROOT}/Manifest.lock",
			);
			name = "[CP] Check Pods Manifest.lock";
			outputFileListPaths = (
			);
			outputPaths = (
				"$(DERIVED_FILE_DIR)/Pods-Reciplease-checkManifestLockResult.txt",
			);
			runOnlyForDeploymentPostprocessing = 0;
			shellPath = /bin/sh;
			shellScript = "diff \"${PODS_PODFILE_DIR_PATH}/Podfile.lock\" \"${PODS_ROOT}/Manifest.lock\" > /dev/null\nif [ $? != 0 ] ; then\n    # print error to STDERR\n    echo \"error: The sandbox is not in sync with the Podfile.lock. Run 'pod install' or update your CocoaPods installation.\" >&2\n    exit 1\nfi\n# This output is used by Xcode 'outputs' to avoid re-running this script phase.\necho \"SUCCESS\" > \"${SCRIPT_OUTPUT_FILE_0}\"\n";
			showEnvVarsInLog = 0;
		};
		95CBF436CC3D1C0A03ADEBAA /* [CP] Embed Pods Frameworks */ = {
			isa = PBXShellScriptBuildPhase;
			buildActionMask = 2147483647;
			files = (
			);
			inputFileListPaths = (
				"${PODS_ROOT}/Target Support Files/Pods-Reciplease/Pods-Reciplease-frameworks-${CONFIGURATION}-input-files.xcfilelist",
			);
			name = "[CP] Embed Pods Frameworks";
			outputFileListPaths = (
				"${PODS_ROOT}/Target Support Files/Pods-Reciplease/Pods-Reciplease-frameworks-${CONFIGURATION}-output-files.xcfilelist",
			);
			runOnlyForDeploymentPostprocessing = 0;
			shellPath = /bin/sh;
			shellScript = "\"${PODS_ROOT}/Target Support Files/Pods-Reciplease/Pods-Reciplease-frameworks.sh\"\n";
			showEnvVarsInLog = 0;
		};
/* End PBXShellScriptBuildPhase section */

/* Begin PBXSourcesBuildPhase section */
		815F71B124B369B10011FE3E /* Sources */ = {
			isa = PBXSourcesBuildPhase;
			buildActionMask = 2147483647;
			files = (
				81B001CB24D432A700B75457 /* RecipeSession.swift in Sources */,
				81B001CF24D43A1900B75457 /* ApiSet.swift in Sources */,
				8192F88224E1DAA6001D5C60 /* Encoder.swift in Sources */,
				812C410124B64A2F00828353 /* DetailRecipeViewController.swift in Sources */,
				815F71CE24B3BAB70011FE3E /* IngredientsViewController.swift in Sources */,
				81CCF09324D4A8AF002B1EA8 /* String.swift in Sources */,
				81B001C624D42B8400B75457 /* CoreDataStack.swift in Sources */,
				81CCF09B24D89637002B1EA8 /* Time.swift in Sources */,
				81CCF09924D89511002B1EA8 /* Int.swift in Sources */,
				815F71D724B3C8DA0011FE3E /* RecipeData.swift in Sources */,
				8192F88024E197AD001D5C60 /* Image.swift in Sources */,
				812C40FD24B6460400828353 /* RecipeTableViewCell.swift in Sources */,
				81B001C824D42BBD00B75457 /* CoreDataManager.swift in Sources */,
				81B001CD24D434EC00B75457 /* RecipeService.swift in Sources */,
				8192F87524DC7780001D5C60 /* FavoriteRecipeViewController.swift in Sources */,
				812C40F524B4BC8800828353 /* IngredientTableViewCell.swift in Sources */,
				815F71B924B369B10011FE3E /* AppDelegate.swift in Sources */,
				81CCF09724D89430002B1EA8 /* ListRecipeViewController.swift in Sources */,
				81B001C424D42A9C00B75457 /* Reciplease.xcdatamodeld in Sources */,
				815F71BB24B369B10011FE3E /* SceneDelegate.swift in Sources */,
				81CCF09524D82EEF002B1EA8 /* UIViewController.swift in Sources */,
			);
			runOnlyForDeploymentPostprocessing = 0;
		};
		81E5182A24BD985A00E63CB1 /* Sources */ = {
			isa = PBXSourcesBuildPhase;
			buildActionMask = 2147483647;
			files = (
				81E5183924BD9A4200E63CB1 /* EdamanTestCase.swift in Sources */,
				81E5183F24BD9C1A00E63CB1 /* MockRecipeService.swift in Sources */,
				81E5183D24BD9BAC00E63CB1 /* FakeResponseData.swift in Sources */,
				8192F87E24DDF69D001D5C60 /* CoreDataManagerTests.swift in Sources */,
				8192F87C24DDF29A001D5C60 /* MockCoreDataStack.swift in Sources */,
			);
			runOnlyForDeploymentPostprocessing = 0;
		};
/* End PBXSourcesBuildPhase section */

/* Begin PBXTargetDependency section */
		81E5183424BD985A00E63CB1 /* PBXTargetDependency */ = {
			isa = PBXTargetDependency;
			target = 815F71B424B369B10011FE3E /* Reciplease */;
			targetProxy = 81E5183324BD985A00E63CB1 /* PBXContainerItemProxy */;
		};
/* End PBXTargetDependency section */

/* Begin PBXVariantGroup section */
		815F71BE24B369B10011FE3E /* Main.storyboard */ = {
			isa = PBXVariantGroup;
			children = (
				815F71BF24B369B10011FE3E /* Base */,
			);
			name = Main.storyboard;
			sourceTree = "<group>";
		};
		815F71C324B369B30011FE3E /* LaunchScreen.storyboard */ = {
			isa = PBXVariantGroup;
			children = (
				815F71C424B369B30011FE3E /* Base */,
			);
			name = LaunchScreen.storyboard;
			sourceTree = "<group>";
		};
/* End PBXVariantGroup section */

/* Begin XCBuildConfiguration section */
		815F71C724B369B30011FE3E /* Debug */ = {
			isa = XCBuildConfiguration;
			buildSettings = {
				ALWAYS_SEARCH_USER_PATHS = NO;
				CLANG_ANALYZER_NONNULL = YES;
				CLANG_ANALYZER_NUMBER_OBJECT_CONVERSION = YES_AGGRESSIVE;
				CLANG_CXX_LANGUAGE_STANDARD = "gnu++14";
				CLANG_CXX_LIBRARY = "libc++";
				CLANG_ENABLE_MODULES = YES;
				CLANG_ENABLE_OBJC_ARC = YES;
				CLANG_ENABLE_OBJC_WEAK = YES;
				CLANG_WARN_BLOCK_CAPTURE_AUTORELEASING = YES;
				CLANG_WARN_BOOL_CONVERSION = YES;
				CLANG_WARN_COMMA = YES;
				CLANG_WARN_CONSTANT_CONVERSION = YES;
				CLANG_WARN_DEPRECATED_OBJC_IMPLEMENTATIONS = YES;
				CLANG_WARN_DIRECT_OBJC_ISA_USAGE = YES_ERROR;
				CLANG_WARN_DOCUMENTATION_COMMENTS = YES;
				CLANG_WARN_EMPTY_BODY = YES;
				CLANG_WARN_ENUM_CONVERSION = YES;
				CLANG_WARN_INFINITE_RECURSION = YES;
				CLANG_WARN_INT_CONVERSION = YES;
				CLANG_WARN_NON_LITERAL_NULL_CONVERSION = YES;
				CLANG_WARN_OBJC_IMPLICIT_RETAIN_SELF = YES;
				CLANG_WARN_OBJC_LITERAL_CONVERSION = YES;
				CLANG_WARN_OBJC_ROOT_CLASS = YES_ERROR;
				CLANG_WARN_RANGE_LOOP_ANALYSIS = YES;
				CLANG_WARN_STRICT_PROTOTYPES = YES;
				CLANG_WARN_SUSPICIOUS_MOVE = YES;
				CLANG_WARN_UNGUARDED_AVAILABILITY = YES_AGGRESSIVE;
				CLANG_WARN_UNREACHABLE_CODE = YES;
				CLANG_WARN__DUPLICATE_METHOD_MATCH = YES;
				COPY_PHASE_STRIP = NO;
				DEBUG_INFORMATION_FORMAT = dwarf;
				ENABLE_STRICT_OBJC_MSGSEND = YES;
				ENABLE_TESTABILITY = YES;
				GCC_C_LANGUAGE_STANDARD = gnu11;
				GCC_DYNAMIC_NO_PIC = NO;
				GCC_NO_COMMON_BLOCKS = YES;
				GCC_OPTIMIZATION_LEVEL = 0;
				GCC_PREPROCESSOR_DEFINITIONS = (
					"DEBUG=1",
					"$(inherited)",
				);
				GCC_WARN_64_TO_32_BIT_CONVERSION = YES;
				GCC_WARN_ABOUT_RETURN_TYPE = YES_ERROR;
				GCC_WARN_UNDECLARED_SELECTOR = YES;
				GCC_WARN_UNINITIALIZED_AUTOS = YES_AGGRESSIVE;
				GCC_WARN_UNUSED_FUNCTION = YES;
				GCC_WARN_UNUSED_VARIABLE = YES;
				IPHONEOS_DEPLOYMENT_TARGET = 11.0;
				MTL_ENABLE_DEBUG_INFO = INCLUDE_SOURCE;
				MTL_FAST_MATH = YES;
				ONLY_ACTIVE_ARCH = YES;
				SDKROOT = iphoneos;
				SWIFT_ACTIVE_COMPILATION_CONDITIONS = DEBUG;
				SWIFT_OPTIMIZATION_LEVEL = "-Onone";
			};
			name = Debug;
		};
		815F71C824B369B30011FE3E /* Release */ = {
			isa = XCBuildConfiguration;
			buildSettings = {
				ALWAYS_SEARCH_USER_PATHS = NO;
				CLANG_ANALYZER_NONNULL = YES;
				CLANG_ANALYZER_NUMBER_OBJECT_CONVERSION = YES_AGGRESSIVE;
				CLANG_CXX_LANGUAGE_STANDARD = "gnu++14";
				CLANG_CXX_LIBRARY = "libc++";
				CLANG_ENABLE_MODULES = YES;
				CLANG_ENABLE_OBJC_ARC = YES;
				CLANG_ENABLE_OBJC_WEAK = YES;
				CLANG_WARN_BLOCK_CAPTURE_AUTORELEASING = YES;
				CLANG_WARN_BOOL_CONVERSION = YES;
				CLANG_WARN_COMMA = YES;
				CLANG_WARN_CONSTANT_CONVERSION = YES;
				CLANG_WARN_DEPRECATED_OBJC_IMPLEMENTATIONS = YES;
				CLANG_WARN_DIRECT_OBJC_ISA_USAGE = YES_ERROR;
				CLANG_WARN_DOCUMENTATION_COMMENTS = YES;
				CLANG_WARN_EMPTY_BODY = YES;
				CLANG_WARN_ENUM_CONVERSION = YES;
				CLANG_WARN_INFINITE_RECURSION = YES;
				CLANG_WARN_INT_CONVERSION = YES;
				CLANG_WARN_NON_LITERAL_NULL_CONVERSION = YES;
				CLANG_WARN_OBJC_IMPLICIT_RETAIN_SELF = YES;
				CLANG_WARN_OBJC_LITERAL_CONVERSION = YES;
				CLANG_WARN_OBJC_ROOT_CLASS = YES_ERROR;
				CLANG_WARN_RANGE_LOOP_ANALYSIS = YES;
				CLANG_WARN_STRICT_PROTOTYPES = YES;
				CLANG_WARN_SUSPICIOUS_MOVE = YES;
				CLANG_WARN_UNGUARDED_AVAILABILITY = YES_AGGRESSIVE;
				CLANG_WARN_UNREACHABLE_CODE = YES;
				CLANG_WARN__DUPLICATE_METHOD_MATCH = YES;
				COPY_PHASE_STRIP = NO;
				DEBUG_INFORMATION_FORMAT = "dwarf-with-dsym";
				ENABLE_NS_ASSERTIONS = NO;
				ENABLE_STRICT_OBJC_MSGSEND = YES;
				GCC_C_LANGUAGE_STANDARD = gnu11;
				GCC_NO_COMMON_BLOCKS = YES;
				GCC_WARN_64_TO_32_BIT_CONVERSION = YES;
				GCC_WARN_ABOUT_RETURN_TYPE = YES_ERROR;
				GCC_WARN_UNDECLARED_SELECTOR = YES;
				GCC_WARN_UNINITIALIZED_AUTOS = YES_AGGRESSIVE;
				GCC_WARN_UNUSED_FUNCTION = YES;
				GCC_WARN_UNUSED_VARIABLE = YES;
				IPHONEOS_DEPLOYMENT_TARGET = 11.0;
				MTL_ENABLE_DEBUG_INFO = NO;
				MTL_FAST_MATH = YES;
				SDKROOT = iphoneos;
				SWIFT_COMPILATION_MODE = wholemodule;
				SWIFT_OPTIMIZATION_LEVEL = "-O";
				VALIDATE_PRODUCT = YES;
			};
			name = Release;
		};
		815F71CA24B369B30011FE3E /* Debug */ = {
			isa = XCBuildConfiguration;
			baseConfigurationReference = 1051DE45478BF08874A9C4B6 /* Pods-Reciplease.debug.xcconfig */;
			buildSettings = {
				ASSETCATALOG_COMPILER_APPICON_NAME = AppIcon;
				CODE_SIGN_STYLE = Automatic;
				DEVELOPMENT_TEAM = 3UZFB2X4K2;
				INFOPLIST_FILE = "$(SRCROOT)/Reciplease/Supporting files/Info.plist";
				LD_RUNPATH_SEARCH_PATHS = (
					"$(inherited)",
					"@executable_path/Frameworks",
				);
				PRODUCT_BUNDLE_IDENTIFIER = com.rochdi.Reciplease;
				PRODUCT_NAME = "$(TARGET_NAME)";
				SWIFT_VERSION = 5.0;
				TARGETED_DEVICE_FAMILY = 1;
			};
			name = Debug;
		};
		815F71CB24B369B30011FE3E /* Release */ = {
			isa = XCBuildConfiguration;
			baseConfigurationReference = C9568FD7476CDB7E10F84061 /* Pods-Reciplease.release.xcconfig */;
			buildSettings = {
				ASSETCATALOG_COMPILER_APPICON_NAME = AppIcon;
				CODE_SIGN_STYLE = Automatic;
				DEVELOPMENT_TEAM = 3UZFB2X4K2;
				INFOPLIST_FILE = "$(SRCROOT)/Reciplease/Supporting files/Info.plist";
				LD_RUNPATH_SEARCH_PATHS = (
					"$(inherited)",
					"@executable_path/Frameworks",
				);
				PRODUCT_BUNDLE_IDENTIFIER = com.rochdi.Reciplease;
				PRODUCT_NAME = "$(TARGET_NAME)";
				SWIFT_VERSION = 5.0;
				TARGETED_DEVICE_FAMILY = 1;
			};
			name = Release;
		};
		81E5183524BD985A00E63CB1 /* Debug */ = {
			isa = XCBuildConfiguration;
			baseConfigurationReference = 17CA685F3D8012189A2A33AC /* Pods-RecipleaseTests.debug.xcconfig */;
			buildSettings = {
				BUNDLE_LOADER = "$(TEST_HOST)";
				CLANG_ENABLE_MODULES = YES;
				CODE_SIGN_STYLE = Automatic;
				INFOPLIST_FILE = RecipleaseTests/Info.plist;
				IPHONEOS_DEPLOYMENT_TARGET = 13.5;
				LD_RUNPATH_SEARCH_PATHS = (
					"$(inherited)",
					"@executable_path/Frameworks",
					"@loader_path/Frameworks",
				);
				PRODUCT_BUNDLE_IDENTIFIER = com.rochdi.RecipleaseTests;
				PRODUCT_NAME = "$(TARGET_NAME)";
				SWIFT_OPTIMIZATION_LEVEL = "-Onone";
				SWIFT_VERSION = 5.0;
				TARGETED_DEVICE_FAMILY = "1,2";
				TEST_HOST = "$(BUILT_PRODUCTS_DIR)/Reciplease.app/Reciplease";
			};
			name = Debug;
		};
		81E5183624BD985A00E63CB1 /* Release */ = {
			isa = XCBuildConfiguration;
			baseConfigurationReference = CA3028AA0D3049775D33D3A5 /* Pods-RecipleaseTests.release.xcconfig */;
			buildSettings = {
				BUNDLE_LOADER = "$(TEST_HOST)";
				CLANG_ENABLE_MODULES = YES;
				CODE_SIGN_STYLE = Automatic;
				INFOPLIST_FILE = RecipleaseTests/Info.plist;
				IPHONEOS_DEPLOYMENT_TARGET = 13.5;
				LD_RUNPATH_SEARCH_PATHS = (
					"$(inherited)",
					"@executable_path/Frameworks",
					"@loader_path/Frameworks",
				);
				PRODUCT_BUNDLE_IDENTIFIER = com.rochdi.RecipleaseTests;
				PRODUCT_NAME = "$(TARGET_NAME)";
				SWIFT_VERSION = 5.0;
				TARGETED_DEVICE_FAMILY = "1,2";
				TEST_HOST = "$(BUILT_PRODUCTS_DIR)/Reciplease.app/Reciplease";
			};
			name = Release;
		};
/* End XCBuildConfiguration section */

/* Begin XCConfigurationList section */
		815F71B024B369B10011FE3E /* Build configuration list for PBXProject "Reciplease" */ = {
			isa = XCConfigurationList;
			buildConfigurations = (
				815F71C724B369B30011FE3E /* Debug */,
				815F71C824B369B30011FE3E /* Release */,
			);
			defaultConfigurationIsVisible = 0;
			defaultConfigurationName = Release;
		};
		815F71C924B369B30011FE3E /* Build configuration list for PBXNativeTarget "Reciplease" */ = {
			isa = XCConfigurationList;
			buildConfigurations = (
				815F71CA24B369B30011FE3E /* Debug */,
				815F71CB24B369B30011FE3E /* Release */,
			);
			defaultConfigurationIsVisible = 0;
			defaultConfigurationName = Release;
		};
		81E5183724BD985A00E63CB1 /* Build configuration list for PBXNativeTarget "RecipleaseTests" */ = {
			isa = XCConfigurationList;
			buildConfigurations = (
				81E5183524BD985A00E63CB1 /* Debug */,
				81E5183624BD985A00E63CB1 /* Release */,
			);
			defaultConfigurationIsVisible = 0;
			defaultConfigurationName = Release;
		};
/* End XCConfigurationList section */

/* Begin XCVersionGroup section */
		81B001C224D42A9C00B75457 /* Reciplease.xcdatamodeld */ = {
			isa = XCVersionGroup;
			children = (
				81B001C324D42A9C00B75457 /* Reciplease.xcdatamodel */,
			);
			currentVersion = 81B001C324D42A9C00B75457 /* Reciplease.xcdatamodel */;
			path = Reciplease.xcdatamodeld;
			sourceTree = "<group>";
			versionGroupType = wrapper.xcdatamodel;
		};
/* End XCVersionGroup section */
	};
	rootObject = 815F71AD24B369B10011FE3E /* Project object */;
}
